
Microsoft Visual Studio Solution File, Format Version 12.00
# Visual Studio Version 17
VisualStudioVersion = 17.3.32901.215
MinimumVisualStudioVersion = 10.0.40219.1
Project("{9A19103F-16F7-4668-BE54-9A1E7A4F7556}") = "MEYPAK.Entity", "MEYPAK.Entity\MEYPAK.Entity.csproj", "{A5E9FCD4-E2A2-48F1-8E3D-EC090F5DE833}"
EndProject
Project("{9A19103F-16F7-4668-BE54-9A1E7A4F7556}") = "MEYPAK.DAL", "MEYPAK.DAL\MEYPAK.DAL.csproj", "{70DD7E9B-F247-4A08-9711-23E2748DF7D1}"
EndProject
Project("{9A19103F-16F7-4668-BE54-9A1E7A4F7556}") = "MEYPAK.Interfaces", "MEYPAK.Interfaces\MEYPAK.Interfaces.csproj", "{2044DE1A-0D32-43E5-AE80-FE8505EFA3F9}"
EndProject
Project("{9A19103F-16F7-4668-BE54-9A1E7A4F7556}") = "MEYPAK.BLL", "MEYPAK.BLL\MEYPAK.BLL.csproj", "{E347BFE4-E5E4-44EB-86AC-C0F1C2E43615}"
EndProject
Project("{9A19103F-16F7-4668-BE54-9A1E7A4F7556}") = "MEYPAK.PRL", "MEYPAK.PRL\MEYPAK.PRL.csproj", "{A5D7B09B-1027-4E95-828E-FE5A03375F7B}"
EndProject
Project("{9A19103F-16F7-4668-BE54-9A1E7A4F7556}") = "MEYPAK.WEB", "MEYPAK.WEB\MEYPAK.WEB.csproj", "{0FBD4F9C-27F0-4836-949E-F9A1C83C98F7}"
EndProject
Project("{9A19103F-16F7-4668-BE54-9A1E7A4F7556}") = "MEYPAK.API", "MEYPAK.API\MEYPAK.API.csproj", "{6498B4A7-634E-46F6-9C3C-F0E2E8853B51}"
EndProject
Project("{FAE04EC0-301F-11D3-BF4B-00C04F79EFBC}") = "WinFormsApp4", "WinFormsApp4\WinFormsApp4.csproj", "{823ED1FB-E714-4F58-9BA4-E743E7F7A19A}"
EndProject
Global
	GlobalSection(SolutionConfigurationPlatforms) = preSolution
		Debug|Any CPU = Debug|Any CPU
		Release|Any CPU = Release|Any CPU
	EndGlobalSection
	GlobalSection(ProjectConfigurationPlatforms) = postSolution
		{A5E9FCD4-E2A2-48F1-8E3D-EC090F5DE833}.Debug|Any CPU.ActiveCfg = Debug|Any CPU
		{A5E9FCD4-E2A2-48F1-8E3D-EC090F5DE833}.Debug|Any CPU.Build.0 = Debug|Any CPU
		{A5E9FCD4-E2A2-48F1-8E3D-EC090F5DE833}.Release|Any CPU.ActiveCfg = Release|Any CPU
		{A5E9FCD4-E2A2-48F1-8E3D-EC090F5DE833}.Release|Any CPU.Build.0 = Release|Any CPU
		{70DD7E9B-F247-4A08-9711-23E2748DF7D1}.Debug|Any CPU.ActiveCfg = Debug|Any CPU
		{70DD7E9B-F247-4A08-9711-23E2748DF7D1}.Debug|Any CPU.Build.0 = Debug|Any CPU
		{70DD7E9B-F247-4A08-9711-23E2748DF7D1}.Release|Any CPU.ActiveCfg = Release|Any CPU
		{70DD7E9B-F247-4A08-9711-23E2748DF7D1}.Release|Any CPU.Build.0 = Release|Any CPU
		{2044DE1A-0D32-43E5-AE80-FE8505EFA3F9}.Debug|Any CPU.ActiveCfg = Debug|Any CPU
		{2044DE1A-0D32-43E5-AE80-FE8505EFA3F9}.Debug|Any CPU.Build.0 = Debug|Any CPU
		{2044DE1A-0D32-43E5-AE80-FE8505EFA3F9}.Release|Any CPU.ActiveCfg = Release|Any CPU
		{2044DE1A-0D32-43E5-AE80-FE8505EFA3F9}.Release|Any CPU.Build.0 = Release|Any CPU
		{E347BFE4-E5E4-44EB-86AC-C0F1C2E43615}.Debug|Any CPU.ActiveCfg = Debug|Any CPU
		{E347BFE4-E5E4-44EB-86AC-C0F1C2E43615}.Debug|Any CPU.Build.0 = Debug|Any CPU
		{E347BFE4-E5E4-44EB-86AC-C0F1C2E43615}.Release|Any CPU.ActiveCfg = Release|Any CPU
		{E347BFE4-E5E4-44EB-86AC-C0F1C2E43615}.Release|Any CPU.Build.0 = Release|Any CPU
		{A5D7B09B-1027-4E95-828E-FE5A03375F7B}.Debug|Any CPU.ActiveCfg = Debug|Any CPU
		{A5D7B09B-1027-4E95-828E-FE5A03375F7B}.Debug|Any CPU.Build.0 = Debug|Any CPU
		{A5D7B09B-1027-4E95-828E-FE5A03375F7B}.Release|Any CPU.ActiveCfg = Release|Any CPU
		{A5D7B09B-1027-4E95-828E-FE5A03375F7B}.Release|Any CPU.Build.0 = Release|Any CPU
		{0FBD4F9C-27F0-4836-949E-F9A1C83C98F7}.Debug|Any CPU.ActiveCfg = Debug|Any CPU
		{0FBD4F9C-27F0-4836-949E-F9A1C83C98F7}.Debug|Any CPU.Build.0 = Debug|Any CPU
		{0FBD4F9C-27F0-4836-949E-F9A1C83C98F7}.Release|Any CPU.ActiveCfg = Release|Any CPU
		{0FBD4F9C-27F0-4836-949E-F9A1C83C98F7}.Release|Any CPU.Build.0 = Release|Any CPU
		{6498B4A7-634E-46F6-9C3C-F0E2E8853B51}.Debug|Any CPU.ActiveCfg = Debug|Any CPU
		{6498B4A7-634E-46F6-9C3C-F0E2E8853B51}.Debug|Any CPU.Build.0 = Debug|Any CPU
		{6498B4A7-634E-46F6-9C3C-F0E2E8853B51}.Release|Any CPU.ActiveCfg = Release|Any CPU
		{6498B4A7-634E-46F6-9C3C-F0E2E8853B51}.Release|Any CPU.Build.0 = Release|Any CPU
		{823ED1FB-E714-4F58-9BA4-E743E7F7A19A}.Debug|Any CPU.ActiveCfg = Debug|Any CPU
		{823ED1FB-E714-4F58-9BA4-E743E7F7A19A}.Debug|Any CPU.Build.0 = Debug|Any CPU
		{823ED1FB-E714-4F58-9BA4-E743E7F7A19A}.Release|Any CPU.ActiveCfg = Release|Any CPU
		{823ED1FB-E714-4F58-9BA4-E743E7F7A19A}.Release|Any CPU.Build.0 = Release|Any CPU
	EndGlobalSection
	GlobalSection(SolutionProperties) = preSolution
		HideSolutionNode = FALSE
	EndGlobalSection
	GlobalSection(ExtensibilityGlobals) = postSolution
		SolutionGuid = {D484441C-2ABC-46A0-AA7A-73ECF032319C}
	EndGlobalSection
EndGlobal
